// !$*UTF8*$!
{
	archiveVersion = 1;
	classes = {
	};
	objectVersion = 56;
	objects = {

/* Begin PBXBuildFile section */
		B2FDC4CA2BFB8AFC009182F8 /* CPMGraphicalApp.swift in Sources */ = {isa = PBXBuildFile; fileRef = B2FDC4C92BFB8AFC009182F8 /* CPMGraphicalApp.swift */; };
		B2FDC4CC2BFB8AFC009182F8 /* ContentView.swift in Sources */ = {isa = PBXBuildFile; fileRef = B2FDC4CB2BFB8AFC009182F8 /* ContentView.swift */; };
		B2FDC4CE2BFB8AFD009182F8 /* Assets.xcassets in Resources */ = {isa = PBXBuildFile; fileRef = B2FDC4CD2BFB8AFD009182F8 /* Assets.xcassets */; };
		B2FDC4D12BFB8AFD009182F8 /* Preview Assets.xcassets in Resources */ = {isa = PBXBuildFile; fileRef = B2FDC4D02BFB8AFD009182F8 /* Preview Assets.xcassets */; };
		B2FDC4D82BFB8C03009182F8 /* Activity.swift in Sources */ = {isa = PBXBuildFile; fileRef = B2FDC4D72BFB8C03009182F8 /* Activity.swift */; };
		B2FDC4DA2BFB8C15009182F8 /* Schedule.swift in Sources */ = {isa = PBXBuildFile; fileRef = B2FDC4D92BFB8C15009182F8 /* Schedule.swift */; };
		B2FDC4DC2BFB8C21009182F8 /* Project.swift in Sources */ = {isa = PBXBuildFile; fileRef = B2FDC4DB2BFB8C21009182F8 /* Project.swift */; };
		B2FDC4DE2BFB8C34009182F8 /* ProjecctView.swift in Sources */ = {isa = PBXBuildFile; fileRef = B2FDC4DD2BFB8C34009182F8 /* ProjecctView.swift */; };
		B2FDC4E02BFB8C47009182F8 /* EditActivityView.swift in Sources */ = {isa = PBXBuildFile; fileRef = B2FDC4DF2BFB8C47009182F8 /* EditActivityView.swift */; };
/* End PBXBuildFile section */

/* Begin PBXFileReference section */
		B2FDC4C62BFB8AFC009182F8 /* CPMGraphical.app */ = {isa = PBXFileReference; explicitFileType = wrapper.application; includeInIndex = 0; path = CPMGraphical.app; sourceTree = BUILT_PRODUCTS_DIR; };
		B2FDC4C92BFB8AFC009182F8 /* CPMGraphicalApp.swift */ = {isa = PBXFileReference; lastKnownFileType = sourcecode.swift; path = CPMGraphicalApp.swift; sourceTree = "<group>"; };
		B2FDC4CB2BFB8AFC009182F8 /* ContentView.swift */ = {isa = PBXFileReference; lastKnownFileType = sourcecode.swift; path = ContentView.swift; sourceTree = "<group>"; };
		B2FDC4CD2BFB8AFD009182F8 /* Assets.xcassets */ = {isa = PBXFileReference; lastKnownFileType = folder.assetcatalog; path = Assets.xcassets; sourceTree = "<group>"; };
		B2FDC4D02BFB8AFD009182F8 /* Preview Assets.xcassets */ = {isa = PBXFileReference; lastKnownFileType = folder.assetcatalog; path = "Preview Assets.xcassets"; sourceTree = "<group>"; };
		B2FDC4D72BFB8C03009182F8 /* Activity.swift */ = {isa = PBXFileReference; lastKnownFileType = sourcecode.swift; path = Activity.swift; sourceTree = "<group>"; };
		B2FDC4D92BFB8C15009182F8 /* Schedule.swift */ = {isa = PBXFileReference; lastKnownFileType = sourcecode.swift; path = Schedule.swift; sourceTree = "<group>"; };
		B2FDC4DB2BFB8C21009182F8 /* Project.swift */ = {isa = PBXFileReference; lastKnownFileType = sourcecode.swift; path = Project.swift; sourceTree = "<group>"; };
		B2FDC4DD2BFB8C34009182F8 /* ProjecctView.swift */ = {isa = PBXFileReference; lastKnownFileType = sourcecode.swift; path = ProjecctView.swift; sourceTree = "<group>"; };
		B2FDC4DF2BFB8C47009182F8 /* EditActivityView.swift */ = {isa = PBXFileReference; lastKnownFileType = sourcecode.swift; path = EditActivityView.swift; sourceTree = "<group>"; };
/* End PBXFileReference section */

/* Begin PBXFrameworksBuildPhase section */
		B2FDC4C32BFB8AFC009182F8 /* Frameworks */ = {
			isa = PBXFrameworksBuildPhase;
			buildActionMask = 2147483647;
			files = (
			);
			runOnlyForDeploymentPostprocessing = 0;
		};
/* End PBXFrameworksBuildPhase section */

/* Begin PBXGroup section */
		B2FDC4BD2BFB8AFC009182F8 = {
			isa = PBXGroup;
			children = (
				B2FDC4C82BFB8AFC009182F8 /* CPMGraphical */,
				B2FDC4C72BFB8AFC009182F8 /* Products */,
			);
			sourceTree = "<group>";
		};
		B2FDC4C72BFB8AFC009182F8 /* Products */ = {
			isa = PBXGroup;
			children = (
				B2FDC4C62BFB8AFC009182F8 /* CPMGraphical.app */,
			);
			name = Products;
			sourceTree = "<group>";
		};
		B2FDC4C82BFB8AFC009182F8 /* CPMGraphical */ = {
			isa = PBXGroup;
			children = (
				B2FDC4C92BFB8AFC009182F8 /* CPMGraphicalApp.swift */,
				B2FDC4CB2BFB8AFC009182F8 /* ContentView.swift */,
				B2FDC4D72BFB8C03009182F8 /* Activity.swift */,
				B2FDC4D92BFB8C15009182F8 /* Schedule.swift */,
				B2FDC4DB2BFB8C21009182F8 /* Project.swift */,
				B2FDC4DD2BFB8C34009182F8 /* ProjecctView.swift */,
				B2FDC4DF2BFB8C47009182F8 /* EditActivityView.swift */,
				B2FDC4CD2BFB8AFD009182F8 /* Assets.xcassets */,
				B2FDC4CF2BFB8AFD009182F8 /* Preview Content */,
			);
			path = CPMGraphical;
			sourceTree = "<group>";
		};
		B2FDC4CF2BFB8AFD009182F8 /* Preview Content */ = {
			isa = PBXGroup;
			children = (
				B2FDC4D02BFB8AFD009182F8 /* Preview Assets.xcassets */,
			);
			path = "Preview Content";
			sourceTree = "<group>";
		};
/* End PBXGroup section */

/* Begin PBXNativeTarget section */
		B2FDC4C52BFB8AFC009182F8 /* CPMGraphical */ = {
			isa = PBXNativeTarget;
			buildConfigurationList = B2FDC4D42BFB8AFD009182F8 /* Build configuration list for PBXNativeTarget "CPMGraphical" */;
			buildPhases = (
				B2FDC4C22BFB8AFC009182F8 /* Sources */,
				B2FDC4C32BFB8AFC009182F8 /* Frameworks */,
				B2FDC4C42BFB8AFC009182F8 /* Resources */,
			);
			buildRules = (
			);
			dependencies = (
			);
			name = CPMGraphical;
			productName = CPMGraphical;
			productReference = B2FDC4C62BFB8AFC009182F8 /* CPMGraphical.app */;
			productType = "com.apple.product-type.application";
		};
/* End PBXNativeTarget section */

/* Begin PBXProject section */
		B2FDC4BE2BFB8AFC009182F8 /* Project object */ = {
			isa = PBXProject;
			attributes = {
				BuildIndependentTargetsInParallel = 1;
				LastSwiftUpdateCheck = 1540;
				LastUpgradeCheck = 1540;
				TargetAttributes = {
					B2FDC4C52BFB8AFC009182F8 = {
						CreatedOnToolsVersion = 15.4;
					};
				};
			};
			buildConfigurationList = B2FDC4C12BFB8AFC009182F8 /* Build configuration list for PBXProject "CPMGraphical" */;
			compatibilityVersion = "Xcode 14.0";
			developmentRegion = en;
			hasScannedForEncodings = 0;
			knownRegions = (
				en,
				Base,
			);
			mainGroup = B2FDC4BD2BFB8AFC009182F8;
			productRefGroup = B2FDC4C72BFB8AFC009182F8 /* Products */;
			projectDirPath = "";
			projectRoot = "";
			targets = (
				B2FDC4C52BFB8AFC009182F8 /* CPMGraphical */,
			);
		};
/* End PBXProject section */

/* Begin PBXResourcesBuildPhase section */
		B2FDC4C42BFB8AFC009182F8 /* Resources */ = {
			isa = PBXResourcesBuildPhase;
			buildActionMask = 2147483647;
			files = (
				B2FDC4D12BFB8AFD009182F8 /* Preview Assets.xcassets in Resources */,
				B2FDC4CE2BFB8AFD009182F8 /* Assets.xcassets in Resources */,
			);
			runOnlyForDeploymentPostprocessing = 0;
		};
/* End PBXResourcesBuildPhase section */

/* Begin PBXSourcesBuildPhase section */
		B2FDC4C22BFB8AFC009182F8 /* Sources */ = {
			isa = PBXSourcesBuildPhase;
			buildActionMask = 2147483647;
			files = (
				B2FDC4D82BFB8C03009182F8 /* Activity.swift in Sources */,
				B2FDC4CC2BFB8AFC009182F8 /* ContentView.swift in Sources */,
				B2FDC4DE2BFB8C34009182F8 /* ProjecctView.swift in Sources */,
				B2FDC4DA2BFB8C15009182F8 /* Schedule.swift in Sources */,
				B2FDC4DC2BFB8C21009182F8 /* Project.swift in Sources */,
				B2FDC4E02BFB8C47009182F8 /* EditActivityView.swift in Sources */,
				B2FDC4CA2BFB8AFC009182F8 /* CPMGraphicalApp.swift in Sources */,
			);
			runOnlyForDeploymentPostprocessing = 0;
		};
/* End PBXSourcesBuildPhase section */

/* Begin XCBuildConfiguration section */
		B2FDC4D22BFB8AFD009182F8 /* Debug */ = {
			isa = XCBuildConfiguration;
			buildSettings = {
				ALWAYS_SEARCH_USER_PATHS = NO;
				ASSETCATALOG_COMPILER_GENERATE_SWIFT_ASSET_SYMBOL_EXTENSIONS = YES;
				CLANG_ANALYZER_NONNULL = YES;
				CLANG_ANALYZER_NUMBER_OBJECT_CONVERSION = YES_AGGRESSIVE;
				CLANG_CXX_LANGUAGE_STANDARD = "gnu++20";
				CLANG_ENABLE_MODULES = YES;
				CLANG_ENABLE_OBJC_ARC = YES;
				CLANG_ENABLE_OBJC_WEAK = YES;
				CLANG_WARN_BLOCK_CAPTURE_AUTORELEASING = YES;
				CLANG_WARN_BOOL_CONVERSION = YES;
				CLANG_WARN_COMMA = YES;
				CLANG_WARN_CONSTANT_CONVERSION = YES;
				CLANG_WARN_DEPRECATED_OBJC_IMPLEMENTATIONS = YES;
				CLANG_WARN_DIRECT_OBJC_ISA_USAGE = YES_ERROR;
				CLANG_WARN_DOCUMENTATION_COMMENTS = YES;
				CLANG_WARN_EMPTY_BODY = YES;
				CLANG_WARN_ENUM_CONVERSION = YES;
				CLANG_WARN_INFINITE_RECURSION = YES;
				CLANG_WARN_INT_CONVERSION = YES;
				CLANG_WARN_NON_LITERAL_NULL_CONVERSION = YES;
				CLANG_WARN_OBJC_IMPLICIT_RETAIN_SELF = YES;
				CLANG_WARN_OBJC_LITERAL_CONVERSION = YES;
				CLANG_WARN_OBJC_ROOT_CLASS = YES_ERROR;
				CLANG_WARN_QUOTED_INCLUDE_IN_FRAMEWORK_HEADER = YES;
				CLANG_WARN_RANGE_LOOP_ANALYSIS = YES;
				CLANG_WARN_STRICT_PROTOTYPES = YES;
				CLANG_WARN_SUSPICIOUS_MOVE = YES;
				CLANG_WARN_UNGUARDED_AVAILABILITY = YES_AGGRESSIVE;
				CLANG_WARN_UNREACHABLE_CODE = YES;
				CLANG_WARN__DUPLICATE_METHOD_MATCH = YES;
				COPY_PHASE_STRIP = NO;
				DEBUG_INFORMATION_FORMAT = dwarf;
				ENABLE_STRICT_OBJC_MSGSEND = YES;
				ENABLE_TESTABILITY = YES;
				ENABLE_USER_SCRIPT_SANDBOXING = YES;
				GCC_C_LANGUAGE_STANDARD = gnu17;
				GCC_DYNAMIC_NO_PIC = NO;
				GCC_NO_COMMON_BLOCKS = YES;
				GCC_OPTIMIZATION_LEVEL = 0;
				GCC_PREPROCESSOR_DEFINITIONS = (
					"DEBUG=1",
					"$(inherited)",
				);
				GCC_WARN_64_TO_32_BIT_CONVERSION = YES;
				GCC_WARN_ABOUT_RETURN_TYPE = YES_ERROR;
				GCC_WARN_UNDECLARED_SELECTOR = YES;
				GCC_WARN_UNINITIALIZED_AUTOS = YES_AGGRESSIVE;
				GCC_WARN_UNUSED_FUNCTION = YES;
				GCC_WARN_UNUSED_VARIABLE = YES;
				IPHONEOS_DEPLOYMENT_TARGET = 17.5;
				LOCALIZATION_PREFERS_STRING_CATALOGS = YES;
				MTL_ENABLE_DEBUG_INFO = INCLUDE_SOURCE;
				MTL_FAST_MATH = YES;
				ONLY_ACTIVE_ARCH = YES;
				SDKROOT = iphoneos;
				SWIFT_ACTIVE_COMPILATION_CONDITIONS = "DEBUG $(inherited)";
				SWIFT_OPTIMIZATION_LEVEL = "-Onone";
			};
			name = Debug;
		};
		B2FDC4D32BFB8AFD009182F8 /* Release */ = {
			isa = XCBuildConfiguration;
			buildSettings = {
				ALWAYS_SEARCH_USER_PATHS = NO;
				ASSETCATALOG_COMPILER_GENERATE_SWIFT_ASSET_SYMBOL_EXTENSIONS = YES;
				CLANG_ANALYZER_NONNULL = YES;
				CLANG_ANALYZER_NUMBER_OBJECT_CONVERSION = YES_AGGRESSIVE;
				CLANG_CXX_LANGUAGE_STANDARD = "gnu++20";
				CLANG_ENABLE_MODULES = YES;
				CLANG_ENABLE_OBJC_ARC = YES;
				CLANG_ENABLE_OBJC_WEAK = YES;
				CLANG_WARN_BLOCK_CAPTURE_AUTORELEASING = YES;
				CLANG_WARN_BOOL_CONVERSION = YES;
				CLANG_WARN_COMMA = YES;
				CLANG_WARN_CONSTANT_CONVERSION = YES;
				CLANG_WARN_DEPRECATED_OBJC_IMPLEMENTATIONS = YES;
				CLANG_WARN_DIRECT_OBJC_ISA_USAGE = YES_ERROR;
				CLANG_WARN_DOCUMENTATION_COMMENTS = YES;
				CLANG_WARN_EMPTY_BODY = YES;
				CLANG_WARN_ENUM_CONVERSION = YES;
				CLANG_WARN_INFINITE_RECURSION = YES;
				CLANG_WARN_INT_CONVERSION = YES;
				CLANG_WARN_NON_LITERAL_NULL_CONVERSION = YES;
				CLANG_WARN_OBJC_IMPLICIT_RETAIN_SELF = YES;
				CLANG_WARN_OBJC_LITERAL_CONVERSION = YES;
				CLANG_WARN_OBJC_ROOT_CLASS = YES_ERROR;
				CLANG_WARN_QUOTED_INCLUDE_IN_FRAMEWORK_HEADER = YES;
				CLANG_WARN_RANGE_LOOP_ANALYSIS = YES;
				CLANG_WARN_STRICT_PROTOTYPES = YES;
				CLANG_WARN_SUSPICIOUS_MOVE = YES;
				CLANG_WARN_UNGUARDED_AVAILABILITY = YES_AGGRESSIVE;
				CLANG_WARN_UNREACHABLE_CODE = YES;
				CLANG_WARN__DUPLICATE_METHOD_MATCH = YES;
				COPY_PHASE_STRIP = NO;
				DEBUG_INFORMATION_FORMAT = "dwarf-with-dsym";
				ENABLE_NS_ASSERTIONS = NO;
				ENABLE_STRICT_OBJC_MSGSEND = YES;
				ENABLE_USER_SCRIPT_SANDBOXING = YES;
				GCC_C_LANGUAGE_STANDARD = gnu17;
				GCC_NO_COMMON_BLOCKS = YES;
				GCC_WARN_64_TO_32_BIT_CONVERSION = YES;
				GCC_WARN_ABOUT_RETURN_TYPE = YES_ERROR;
				GCC_WARN_UNDECLARED_SELECTOR = YES;
				GCC_WARN_UNINITIALIZED_AUTOS = YES_AGGRESSIVE;
				GCC_WARN_UNUSED_FUNCTION = YES;
				GCC_WARN_UNUSED_VARIABLE = YES;
				IPHONEOS_DEPLOYMENT_TARGET = 17.5;
				LOCALIZATION_PREFERS_STRING_CATALOGS = YES;
				MTL_ENABLE_DEBUG_INFO = NO;
				MTL_FAST_MATH = YES;
				SDKROOT = iphoneos;
				SWIFT_COMPILATION_MODE = wholemodule;
				VALIDATE_PRODUCT = YES;
			};
			name = Release;
		};
		B2FDC4D52BFB8AFD009182F8 /* Debug */ = {
			isa = XCBuildConfiguration;
			buildSettings = {
				ASSETCATALOG_COMPILER_APPICON_NAME = AppIcon;
				ASSETCATALOG_COMPILER_GLOBAL_ACCENT_COLOR_NAME = AccentColor;
				CODE_SIGN_STYLE = Automatic;
				CURRENT_PROJECT_VERSION = 1;
				DEVELOPMENT_ASSET_PATHS = "\"CPMGraphical/Preview Content\"";
				DEVELOPMENT_TEAM = C8Z4PWMZZP;
				ENABLE_PREVIEWS = YES;
				GENERATE_INFOPLIST_FILE = YES;
				INFOPLIST_KEY_NSPhotoLibraryAddUsageDescription = "";
				INFOPLIST_KEY_UIApplicationSceneManifest_Generation = YES;
				INFOPLIST_KEY_UIApplicationSupportsIndirectInputEvents = YES;
				INFOPLIST_KEY_UILaunchScreen_Generation = YES;
				INFOPLIST_KEY_UISupportedInterfaceOrientations_iPad = "UIInterfaceOrientationPortrait UIInterfaceOrientationPortraitUpsideDown UIInterfaceOrientationLandscapeLeft UIInterfaceOrientationLandscapeRight";
				INFOPLIST_KEY_UISupportedInterfaceOrientations_iPhone = "UIInterfaceOrientationPortrait UIInterfaceOrientationLandscapeLeft UIInterfaceOrientationLandscapeRight";
				LD_RUNPATH_SEARCH_PATHS = (
					"$(inherited)",
					"@executable_path/Frameworks",
				);
				MARKETING_VERSION = 1.0;
				PRODUCT_BUNDLE_IDENTIFIER = CM2.CPMGraphical;
				PRODUCT_NAME = "$(TARGET_NAME)";
				SWIFT_EMIT_LOC_STRINGS = YES;
				SWIFT_VERSION = 5.0;
				TARGETED_DEVICE_FAMILY = "1,2";
			};
			name = Debug;
		};
		B2FDC4D62BFB8AFD009182F8 /* Release */ = {
			isa = XCBuildConfiguration;
			buildSettings = {
				ASSETCATALOG_COMPILER_APPICON_NAME = AppIcon;
				ASSETCATALOG_COMPILER_GLOBAL_ACCENT_COLOR_NAME = AccentColor;
				CODE_SIGN_STYLE = Automatic;
				CURRENT_PROJECT_VERSION = 1;
				DEVELOPMENT_ASSET_PATHS = "\"CPMGraphical/Preview Content\"";
				DEVELOPMENT_TEAM = C8Z4PWMZZP;
				ENABLE_PREVIEWS = YES;
				GENERATE_INFOPLIST_FILE = YES;
				INFOPLIST_KEY_NSPhotoLibraryAddUsageDescription = "";
				INFOPLIST_KEY_UIApplicationSceneManifest_Generation = YES;
				INFOPLIST_KEY_UIApplicationSupportsIndirectInputEvents = YES;
				INFOPLIST_KEY_UILaunchScreen_Generation = YES;
				INFOPLIST_KEY_UISupportedInterfaceOrientations_iPad = "UIInterfaceOrientationPortrait UIInterfaceOrientationPortraitUpsideDown UIInterfaceOrientationLandscapeLeft UIInterfaceOrientationLandscapeRight";
				INFOPLIST_KEY_UISupportedInterfaceOrientations_iPhone = "UIInterfaceOrientationPortrait UIInterfaceOrientationLandscapeLeft UIInterfaceOrientationLandscapeRight";
				LD_RUNPATH_SEARCH_PATHS = (
					"$(inherited)",
					"@executable_path/Frameworks",
				);
				MARKETING_VERSION = 1.0;
				PRODUCT_BUNDLE_IDENTIFIER = CM2.CPMGraphical;
				PRODUCT_NAME = "$(TARGET_NAME)";
				SWIFT_EMIT_LOC_STRINGS = YES;
				SWIFT_VERSION = 5.0;
				TARGETED_DEVICE_FAMILY = "1,2";
			};
			name = Release;
		};
/* End XCBuildConfiguration section */

/* Begin XCConfigurationList section */
		B2FDC4C12BFB8AFC009182F8 /* Build configuration list for PBXProject "CPMGraphical" */ = {
			isa = XCConfigurationList;
			buildConfigurations = (
				B2FDC4D22BFB8AFD009182F8 /* Debug */,
				B2FDC4D32BFB8AFD009182F8 /* Release */,
			);
			defaultConfigurationIsVisible = 0;
			defaultConfigurationName = Release;
		};
		B2FDC4D42BFB8AFD009182F8 /* Build configuration list for PBXNativeTarget "CPMGraphical" */ = {
			isa = XCConfigurationList;
			buildConfigurations = (
				B2FDC4D52BFB8AFD009182F8 /* Debug */,
				B2FDC4D62BFB8AFD009182F8 /* Release */,
			);
			defaultConfigurationIsVisible = 0;
			defaultConfigurationName = Release;
		};
/* End XCConfigurationList section */
	};
	rootObject = B2FDC4BE2BFB8AFC009182F8 /* Project object */;
}
